// !$*UTF8*$!
{
	archiveVersion = 1;
	classes = {
	};
	objectVersion = 56;
	objects = {

/* Begin PBXBuildFile section */
		8498775E2CA6CCBE0022ABCC /* CustomReactionOverlay.swift in Sources */ = {isa = PBXBuildFile; fileRef = 8498775D2CA6CCBE0022ABCC /* CustomReactionOverlay.swift */; };
		849877602CA6CCEF0022ABCC /* CustomComposerViews.swift in Sources */ = {isa = PBXBuildFile; fileRef = 8498775F2CA6CCEF0022ABCC /* CustomComposerViews.swift */; };
		849877622CA6CD200022ABCC /* CustomMessageBubbleModifier.swift in Sources */ = {isa = PBXBuildFile; fileRef = 849877612CA6CD200022ABCC /* CustomMessageBubbleModifier.swift */; };
		84DFA3962CA3FDD000AE2EEA /* SportsCoachApp.swift in Sources */ = {isa = PBXBuildFile; fileRef = 84DFA3952CA3FDD000AE2EEA /* SportsCoachApp.swift */; };
		84DFA39A2CA3FDD100AE2EEA /* Assets.xcassets in Resources */ = {isa = PBXBuildFile; fileRef = 84DFA3992CA3FDD100AE2EEA /* Assets.xcassets */; };
		84DFA39D2CA3FDD100AE2EEA /* Preview Assets.xcassets in Resources */ = {isa = PBXBuildFile; fileRef = 84DFA39C2CA3FDD100AE2EEA /* Preview Assets.xcassets */; };
		84DFA3A52CA3FDE400AE2EEA /* StreamChatSwiftUI in Frameworks */ = {isa = PBXBuildFile; productRef = 84DFA3A42CA3FDE400AE2EEA /* StreamChatSwiftUI */; };
		84DFA3A82CA4043800AE2EEA /* SportsCoachViewFactory.swift in Sources */ = {isa = PBXBuildFile; fileRef = 84DFA3A72CA4043800AE2EEA /* SportsCoachViewFactory.swift */; };
		84DFA3AA2CA5A9C900AE2EEA /* CustomReactionsView.swift in Sources */ = {isa = PBXBuildFile; fileRef = 84DFA3A92CA5A9C900AE2EEA /* CustomReactionsView.swift */; };
		84DFA3AC2CA69A3E00AE2EEA /* ReactionListView.swift in Sources */ = {isa = PBXBuildFile; fileRef = 84DFA3AB2CA69A3E00AE2EEA /* ReactionListView.swift */; };
/* End PBXBuildFile section */

/* Begin PBXFileReference section */
		8498775D2CA6CCBE0022ABCC /* CustomReactionOverlay.swift */ = {isa = PBXFileReference; lastKnownFileType = sourcecode.swift; path = CustomReactionOverlay.swift; sourceTree = "<group>"; };
		8498775F2CA6CCEF0022ABCC /* CustomComposerViews.swift */ = {isa = PBXFileReference; lastKnownFileType = sourcecode.swift; path = CustomComposerViews.swift; sourceTree = "<group>"; };
		849877612CA6CD200022ABCC /* CustomMessageBubbleModifier.swift */ = {isa = PBXFileReference; lastKnownFileType = sourcecode.swift; path = CustomMessageBubbleModifier.swift; sourceTree = "<group>"; };
		84DFA3922CA3FDD000AE2EEA /* SportsCoach.app */ = {isa = PBXFileReference; explicitFileType = wrapper.application; includeInIndex = 0; path = SportsCoach.app; sourceTree = BUILT_PRODUCTS_DIR; };
		84DFA3952CA3FDD000AE2EEA /* SportsCoachApp.swift */ = {isa = PBXFileReference; lastKnownFileType = sourcecode.swift; path = SportsCoachApp.swift; sourceTree = "<group>"; };
		84DFA3992CA3FDD100AE2EEA /* Assets.xcassets */ = {isa = PBXFileReference; lastKnownFileType = folder.assetcatalog; path = Assets.xcassets; sourceTree = "<group>"; };
		84DFA39C2CA3FDD100AE2EEA /* Preview Assets.xcassets */ = {isa = PBXFileReference; lastKnownFileType = folder.assetcatalog; path = "Preview Assets.xcassets"; sourceTree = "<group>"; };
		84DFA3A62CA3FDEC00AE2EEA /* stream-chat-swiftui */ = {isa = PBXFileReference; lastKnownFileType = wrapper; name = "stream-chat-swiftui"; path = "../stream-chat-swiftui"; sourceTree = "<group>"; };
		84DFA3A72CA4043800AE2EEA /* SportsCoachViewFactory.swift */ = {isa = PBXFileReference; lastKnownFileType = sourcecode.swift; path = SportsCoachViewFactory.swift; sourceTree = "<group>"; };
		84DFA3A92CA5A9C900AE2EEA /* CustomReactionsView.swift */ = {isa = PBXFileReference; lastKnownFileType = sourcecode.swift; path = CustomReactionsView.swift; sourceTree = "<group>"; };
		84DFA3AB2CA69A3E00AE2EEA /* ReactionListView.swift */ = {isa = PBXFileReference; lastKnownFileType = sourcecode.swift; path = ReactionListView.swift; sourceTree = "<group>"; };
/* End PBXFileReference section */

/* Begin PBXFrameworksBuildPhase section */
		84DFA38F2CA3FDD000AE2EEA /* Frameworks */ = {
			isa = PBXFrameworksBuildPhase;
			buildActionMask = 2147483647;
			files = (
				84DFA3A52CA3FDE400AE2EEA /* StreamChatSwiftUI in Frameworks */,
			);
			runOnlyForDeploymentPostprocessing = 0;
		};
/* End PBXFrameworksBuildPhase section */

/* Begin PBXGroup section */
		84DFA3892CA3FDD000AE2EEA = {
			isa = PBXGroup;
			children = (
				84DFA3A62CA3FDEC00AE2EEA /* stream-chat-swiftui */,
				84DFA3942CA3FDD000AE2EEA /* SportsCoach */,
				84DFA3932CA3FDD000AE2EEA /* Products */,
			);
			sourceTree = "<group>";
		};
		84DFA3932CA3FDD000AE2EEA /* Products */ = {
			isa = PBXGroup;
			children = (
				84DFA3922CA3FDD000AE2EEA /* SportsCoach.app */,
			);
			name = Products;
			sourceTree = "<group>";
		};
		84DFA3942CA3FDD000AE2EEA /* SportsCoach */ = {
			isa = PBXGroup;
			children = (
				84DFA3952CA3FDD000AE2EEA /* SportsCoachApp.swift */,
				84DFA3A72CA4043800AE2EEA /* SportsCoachViewFactory.swift */,
				84DFA3A92CA5A9C900AE2EEA /* CustomReactionsView.swift */,
				84DFA3AB2CA69A3E00AE2EEA /* ReactionListView.swift */,
				8498775D2CA6CCBE0022ABCC /* CustomReactionOverlay.swift */,
				849877612CA6CD200022ABCC /* CustomMessageBubbleModifier.swift */,
				8498775F2CA6CCEF0022ABCC /* CustomComposerViews.swift */,
				84DFA3992CA3FDD100AE2EEA /* Assets.xcassets */,
				84DFA39B2CA3FDD100AE2EEA /* Preview Content */,
			);
			path = SportsCoach;
			sourceTree = "<group>";
		};
		84DFA39B2CA3FDD100AE2EEA /* Preview Content */ = {
			isa = PBXGroup;
			children = (
				84DFA39C2CA3FDD100AE2EEA /* Preview Assets.xcassets */,
			);
			path = "Preview Content";
			sourceTree = "<group>";
		};
/* End PBXGroup section */

/* Begin PBXNativeTarget section */
		84DFA3912CA3FDD000AE2EEA /* SportsCoach */ = {
			isa = PBXNativeTarget;
			buildConfigurationList = 84DFA3A02CA3FDD100AE2EEA /* Build configuration list for PBXNativeTarget "SportsCoach" */;
			buildPhases = (
				84DFA38E2CA3FDD000AE2EEA /* Sources */,
				84DFA38F2CA3FDD000AE2EEA /* Frameworks */,
				84DFA3902CA3FDD000AE2EEA /* Resources */,
			);
			buildRules = (
			);
			dependencies = (
			);
			name = SportsCoach;
			packageProductDependencies = (
				84DFA3A42CA3FDE400AE2EEA /* StreamChatSwiftUI */,
			);
			productName = SportsCoach;
			productReference = 84DFA3922CA3FDD000AE2EEA /* SportsCoach.app */;
			productType = "com.apple.product-type.application";
		};
/* End PBXNativeTarget section */

/* Begin PBXProject section */
		84DFA38A2CA3FDD000AE2EEA /* Project object */ = {
			isa = PBXProject;
			attributes = {
				BuildIndependentTargetsInParallel = 1;
				LastSwiftUpdateCheck = 1540;
				LastUpgradeCheck = 1540;
				TargetAttributes = {
					84DFA3912CA3FDD000AE2EEA = {
						CreatedOnToolsVersion = 15.4;
					};
				};
			};
			buildConfigurationList = 84DFA38D2CA3FDD000AE2EEA /* Build configuration list for PBXProject "SportsCoach" */;
			compatibilityVersion = "Xcode 14.0";
			developmentRegion = en;
			hasScannedForEncodings = 0;
			knownRegions = (
				en,
				Base,
			);
			mainGroup = 84DFA3892CA3FDD000AE2EEA;
			packageReferences = (
				84DFA3A32CA3FDE400AE2EEA /* XCRemoteSwiftPackageReference "stream-chat-swiftui" */,
			);
			productRefGroup = 84DFA3932CA3FDD000AE2EEA /* Products */;
			projectDirPath = "";
			projectRoot = "";
			targets = (
				84DFA3912CA3FDD000AE2EEA /* SportsCoach */,
			);
		};
/* End PBXProject section */

/* Begin PBXResourcesBuildPhase section */
		84DFA3902CA3FDD000AE2EEA /* Resources */ = {
			isa = PBXResourcesBuildPhase;
			buildActionMask = 2147483647;
			files = (
				84DFA39D2CA3FDD100AE2EEA /* Preview Assets.xcassets in Resources */,
				84DFA39A2CA3FDD100AE2EEA /* Assets.xcassets in Resources */,
			);
			runOnlyForDeploymentPostprocessing = 0;
		};
/* End PBXResourcesBuildPhase section */

/* Begin PBXSourcesBuildPhase section */
		84DFA38E2CA3FDD000AE2EEA /* Sources */ = {
			isa = PBXSourcesBuildPhase;
			buildActionMask = 2147483647;
			files = (
				84DFA3AC2CA69A3E00AE2EEA /* ReactionListView.swift in Sources */,
				8498775E2CA6CCBE0022ABCC /* CustomReactionOverlay.swift in Sources */,
				84DFA3962CA3FDD000AE2EEA /* SportsCoachApp.swift in Sources */,
				849877622CA6CD200022ABCC /* CustomMessageBubbleModifier.swift in Sources */,
				849877602CA6CCEF0022ABCC /* CustomComposerViews.swift in Sources */,
				84DFA3AA2CA5A9C900AE2EEA /* CustomReactionsView.swift in Sources */,
				84DFA3A82CA4043800AE2EEA /* SportsCoachViewFactory.swift in Sources */,
			);
			runOnlyForDeploymentPostprocessing = 0;
		};
/* End PBXSourcesBuildPhase section */

/* Begin XCBuildConfiguration section */
		84DFA39E2CA3FDD100AE2EEA /* Debug */ = {
			isa = XCBuildConfiguration;
			buildSettings = {
				ALWAYS_SEARCH_USER_PATHS = NO;
				ASSETCATALOG_COMPILER_GENERATE_SWIFT_ASSET_SYMBOL_EXTENSIONS = YES;
				CLANG_ANALYZER_NONNULL = YES;
				CLANG_ANALYZER_NUMBER_OBJECT_CONVERSION = YES_AGGRESSIVE;
				CLANG_CXX_LANGUAGE_STANDARD = "gnu++20";
				CLANG_ENABLE_MODULES = YES;
				CLANG_ENABLE_OBJC_ARC = YES;
				CLANG_ENABLE_OBJC_WEAK = YES;
				CLANG_WARN_BLOCK_CAPTURE_AUTORELEASING = YES;
				CLANG_WARN_BOOL_CONVERSION = YES;
				CLANG_WARN_COMMA = YES;
				CLANG_WARN_CONSTANT_CONVERSION = YES;
				CLANG_WARN_DEPRECATED_OBJC_IMPLEMENTATIONS = YES;
				CLANG_WARN_DIRECT_OBJC_ISA_USAGE = YES_ERROR;
				CLANG_WARN_DOCUMENTATION_COMMENTS = YES;
				CLANG_WARN_EMPTY_BODY = YES;
				CLANG_WARN_ENUM_CONVERSION = YES;
				CLANG_WARN_INFINITE_RECURSION = YES;
				CLANG_WARN_INT_CONVERSION = YES;
				CLANG_WARN_NON_LITERAL_NULL_CONVERSION = YES;
				CLANG_WARN_OBJC_IMPLICIT_RETAIN_SELF = YES;
				CLANG_WARN_OBJC_LITERAL_CONVERSION = YES;
				CLANG_WARN_OBJC_ROOT_CLASS = YES_ERROR;
				CLANG_WARN_QUOTED_INCLUDE_IN_FRAMEWORK_HEADER = YES;
				CLANG_WARN_RANGE_LOOP_ANALYSIS = YES;
				CLANG_WARN_STRICT_PROTOTYPES = YES;
				CLANG_WARN_SUSPICIOUS_MOVE = YES;
				CLANG_WARN_UNGUARDED_AVAILABILITY = YES_AGGRESSIVE;
				CLANG_WARN_UNREACHABLE_CODE = YES;
				CLANG_WARN__DUPLICATE_METHOD_MATCH = YES;
				COPY_PHASE_STRIP = NO;
				DEBUG_INFORMATION_FORMAT = dwarf;
				ENABLE_STRICT_OBJC_MSGSEND = YES;
				ENABLE_TESTABILITY = YES;
				ENABLE_USER_SCRIPT_SANDBOXING = YES;
				GCC_C_LANGUAGE_STANDARD = gnu17;
				GCC_DYNAMIC_NO_PIC = NO;
				GCC_NO_COMMON_BLOCKS = YES;
				GCC_OPTIMIZATION_LEVEL = 0;
				GCC_PREPROCESSOR_DEFINITIONS = (
					"DEBUG=1",
					"$(inherited)",
				);
				GCC_WARN_64_TO_32_BIT_CONVERSION = YES;
				GCC_WARN_ABOUT_RETURN_TYPE = YES_ERROR;
				GCC_WARN_UNDECLARED_SELECTOR = YES;
				GCC_WARN_UNINITIALIZED_AUTOS = YES_AGGRESSIVE;
				GCC_WARN_UNUSED_FUNCTION = YES;
				GCC_WARN_UNUSED_VARIABLE = YES;
				IPHONEOS_DEPLOYMENT_TARGET = 17.5;
				LOCALIZATION_PREFERS_STRING_CATALOGS = YES;
				MTL_ENABLE_DEBUG_INFO = INCLUDE_SOURCE;
				MTL_FAST_MATH = YES;
				ONLY_ACTIVE_ARCH = YES;
				SDKROOT = iphoneos;
				SWIFT_ACTIVE_COMPILATION_CONDITIONS = "DEBUG $(inherited)";
				SWIFT_OPTIMIZATION_LEVEL = "-Onone";
			};
			name = Debug;
		};
		84DFA39F2CA3FDD100AE2EEA /* Release */ = {
			isa = XCBuildConfiguration;
			buildSettings = {
				ALWAYS_SEARCH_USER_PATHS = NO;
				ASSETCATALOG_COMPILER_GENERATE_SWIFT_ASSET_SYMBOL_EXTENSIONS = YES;
				CLANG_ANALYZER_NONNULL = YES;
				CLANG_ANALYZER_NUMBER_OBJECT_CONVERSION = YES_AGGRESSIVE;
				CLANG_CXX_LANGUAGE_STANDARD = "gnu++20";
				CLANG_ENABLE_MODULES = YES;
				CLANG_ENABLE_OBJC_ARC = YES;
				CLANG_ENABLE_OBJC_WEAK = YES;
				CLANG_WARN_BLOCK_CAPTURE_AUTORELEASING = YES;
				CLANG_WARN_BOOL_CONVERSION = YES;
				CLANG_WARN_COMMA = YES;
				CLANG_WARN_CONSTANT_CONVERSION = YES;
				CLANG_WARN_DEPRECATED_OBJC_IMPLEMENTATIONS = YES;
				CLANG_WARN_DIRECT_OBJC_ISA_USAGE = YES_ERROR;
				CLANG_WARN_DOCUMENTATION_COMMENTS = YES;
				CLANG_WARN_EMPTY_BODY = YES;
				CLANG_WARN_ENUM_CONVERSION = YES;
				CLANG_WARN_INFINITE_RECURSION = YES;
				CLANG_WARN_INT_CONVERSION = YES;
				CLANG_WARN_NON_LITERAL_NULL_CONVERSION = YES;
				CLANG_WARN_OBJC_IMPLICIT_RETAIN_SELF = YES;
				CLANG_WARN_OBJC_LITERAL_CONVERSION = YES;
				CLANG_WARN_OBJC_ROOT_CLASS = YES_ERROR;
				CLANG_WARN_QUOTED_INCLUDE_IN_FRAMEWORK_HEADER = YES;
				CLANG_WARN_RANGE_LOOP_ANALYSIS = YES;
				CLANG_WARN_STRICT_PROTOTYPES = YES;
				CLANG_WARN_SUSPICIOUS_MOVE = YES;
				CLANG_WARN_UNGUARDED_AVAILABILITY = YES_AGGRESSIVE;
				CLANG_WARN_UNREACHABLE_CODE = YES;
				CLANG_WARN__DUPLICATE_METHOD_MATCH = YES;
				COPY_PHASE_STRIP = NO;
				DEBUG_INFORMATION_FORMAT = "dwarf-with-dsym";
				ENABLE_NS_ASSERTIONS = NO;
				ENABLE_STRICT_OBJC_MSGSEND = YES;
				ENABLE_USER_SCRIPT_SANDBOXING = YES;
				GCC_C_LANGUAGE_STANDARD = gnu17;
				GCC_NO_COMMON_BLOCKS = YES;
				GCC_WARN_64_TO_32_BIT_CONVERSION = YES;
				GCC_WARN_ABOUT_RETURN_TYPE = YES_ERROR;
				GCC_WARN_UNDECLARED_SELECTOR = YES;
				GCC_WARN_UNINITIALIZED_AUTOS = YES_AGGRESSIVE;
				GCC_WARN_UNUSED_FUNCTION = YES;
				GCC_WARN_UNUSED_VARIABLE = YES;
				IPHONEOS_DEPLOYMENT_TARGET = 17.5;
				LOCALIZATION_PREFERS_STRING_CATALOGS = YES;
				MTL_ENABLE_DEBUG_INFO = NO;
				MTL_FAST_MATH = YES;
				SDKROOT = iphoneos;
				SWIFT_COMPILATION_MODE = wholemodule;
				VALIDATE_PRODUCT = YES;
			};
			name = Release;
		};
		84DFA3A12CA3FDD100AE2EEA /* Debug */ = {
			isa = XCBuildConfiguration;
			buildSettings = {
				ASSETCATALOG_COMPILER_APPICON_NAME = AppIcon;
				ASSETCATALOG_COMPILER_GLOBAL_ACCENT_COLOR_NAME = AccentColor;
				CODE_SIGN_STYLE = Automatic;
				CURRENT_PROJECT_VERSION = 1;
				DEVELOPMENT_ASSET_PATHS = "\"SportsCoach/Preview Content\"";
				DEVELOPMENT_TEAM = EHV7XZLAHA;
				ENABLE_PREVIEWS = YES;
				GENERATE_INFOPLIST_FILE = YES;
				INFOPLIST_KEY_NSCameraUsageDescription = "We need access to your camera for sending photo attachments.";
				INFOPLIST_KEY_NSMicrophoneUsageDescription = "Microphone access is needed for recording videos.";
				INFOPLIST_KEY_NSPhotoLibraryUsageDescription = "Access to your photo library is needed for attaching photos.";
				INFOPLIST_KEY_UIApplicationSceneManifest_Generation = YES;
				INFOPLIST_KEY_UIApplicationSupportsIndirectInputEvents = YES;
				INFOPLIST_KEY_UILaunchScreen_Generation = YES;
				INFOPLIST_KEY_UISupportedInterfaceOrientations_iPad = "UIInterfaceOrientationPortrait UIInterfaceOrientationPortraitUpsideDown UIInterfaceOrientationLandscapeLeft UIInterfaceOrientationLandscapeRight";
				INFOPLIST_KEY_UISupportedInterfaceOrientations_iPhone = "UIInterfaceOrientationPortrait UIInterfaceOrientationLandscapeLeft UIInterfaceOrientationLandscapeRight";
				INFOPLIST_KEY_UIUserInterfaceStyle = Light;
				LD_RUNPATH_SEARCH_PATHS = (
					"$(inherited)",
					"@executable_path/Frameworks",
				);
				MARKETING_VERSION = 1.0;
				PRODUCT_BUNDLE_IDENTIFIER = io.getstream.SportsCoach;
				PRODUCT_NAME = "$(TARGET_NAME)";
				SWIFT_EMIT_LOC_STRINGS = YES;
				SWIFT_VERSION = 5.0;
				TARGETED_DEVICE_FAMILY = "1,2";
			};
			name = Debug;
		};
		84DFA3A22CA3FDD100AE2EEA /* Release */ = {
			isa = XCBuildConfiguration;
			buildSettings = {
				ASSETCATALOG_COMPILER_APPICON_NAME = AppIcon;
				ASSETCATALOG_COMPILER_GLOBAL_ACCENT_COLOR_NAME = AccentColor;
				CODE_SIGN_STYLE = Automatic;
				CURRENT_PROJECT_VERSION = 1;
				DEVELOPMENT_ASSET_PATHS = "\"SportsCoach/Preview Content\"";
				DEVELOPMENT_TEAM = EHV7XZLAHA;
				ENABLE_PREVIEWS = YES;
				GENERATE_INFOPLIST_FILE = YES;
				INFOPLIST_KEY_NSCameraUsageDescription = "We need access to your camera for sending photo attachments.";
				INFOPLIST_KEY_NSMicrophoneUsageDescription = "Microphone access is needed for recording videos.";
				INFOPLIST_KEY_NSPhotoLibraryUsageDescription = "Access to your photo library is needed for attaching photos.";
				INFOPLIST_KEY_UIApplicationSceneManifest_Generation = YES;
				INFOPLIST_KEY_UIApplicationSupportsIndirectInputEvents = YES;
				INFOPLIST_KEY_UILaunchScreen_Generation = YES;
				INFOPLIST_KEY_UISupportedInterfaceOrientations_iPad = "UIInterfaceOrientationPortrait UIInterfaceOrientationPortraitUpsideDown UIInterfaceOrientationLandscapeLeft UIInterfaceOrientationLandscapeRight";
				INFOPLIST_KEY_UISupportedInterfaceOrientations_iPhone = "UIInterfaceOrientationPortrait UIInterfaceOrientationLandscapeLeft UIInterfaceOrientationLandscapeRight";
				INFOPLIST_KEY_UIUserInterfaceStyle = Light;
				LD_RUNPATH_SEARCH_PATHS = (
					"$(inherited)",
					"@executable_path/Frameworks",
				);
				MARKETING_VERSION = 1.0;
				PRODUCT_BUNDLE_IDENTIFIER = io.getstream.SportsCoach;
				PRODUCT_NAME = "$(TARGET_NAME)";
				SWIFT_EMIT_LOC_STRINGS = YES;
				SWIFT_VERSION = 5.0;
				TARGETED_DEVICE_FAMILY = "1,2";
			};
			name = Release;
		};
/* End XCBuildConfiguration section */

/* Begin XCConfigurationList section */
		84DFA38D2CA3FDD000AE2EEA /* Build configuration list for PBXProject "SportsCoach" */ = {
			isa = XCConfigurationList;
			buildConfigurations = (
				84DFA39E2CA3FDD100AE2EEA /* Debug */,
				84DFA39F2CA3FDD100AE2EEA /* Release */,
			);
			defaultConfigurationIsVisible = 0;
			defaultConfigurationName = Release;
		};
		84DFA3A02CA3FDD100AE2EEA /* Build configuration list for PBXNativeTarget "SportsCoach" */ = {
			isa = XCConfigurationList;
			buildConfigurations = (
				84DFA3A12CA3FDD100AE2EEA /* Debug */,
				84DFA3A22CA3FDD100AE2EEA /* Release */,
			);
			defaultConfigurationIsVisible = 0;
			defaultConfigurationName = Release;
		};
/* End XCConfigurationList section */

/* Begin XCRemoteSwiftPackageReference section */
		84DFA3A32CA3FDE400AE2EEA /* XCRemoteSwiftPackageReference "stream-chat-swiftui" */ = {
			isa = XCRemoteSwiftPackageReference;
			repositoryURL = "https://github.com/GetStream/stream-chat-swiftui";
			requirement = {
				kind = upToNextMajorVersion;
				minimumVersion = 4.63.0;
			};
		};
/* End XCRemoteSwiftPackageReference section */

/* Begin XCSwiftPackageProductDependency section */
		84DFA3A42CA3FDE400AE2EEA /* StreamChatSwiftUI */ = {
			isa = XCSwiftPackageProductDependency;
			package = 84DFA3A32CA3FDE400AE2EEA /* XCRemoteSwiftPackageReference "stream-chat-swiftui" */;
			productName = StreamChatSwiftUI;
		};
/* End XCSwiftPackageProductDependency section */
	};
	rootObject = 84DFA38A2CA3FDD000AE2EEA /* Project object */;
}
